
Microsoft Visual Studio Solution File, Format Version 12.00
# Visual Studio Version 17
VisualStudioVersion = 17.13.35919.96
MinimumVisualStudioVersion = 10.0.40219.1
Project("{FAE04EC0-301F-11D3-BF4B-00C04F79EFBC}") = "MergeStringsAlternatively", "MergeStringsAlternatively.csproj", "{D61F9609-A00F-4402-B792-06A362A6E007}"
EndProject
Project("{FAE04EC0-301F-11D3-BF4B-00C04F79EFBC}") = "Reverse_Vowels_of_a_String", "..\Greatest Common Divisor of Strings\Reverse_Vowels_of_a_String.csproj", "{DEAE77C6-A0BB-4676-A4D1-E886B74E85F5}"
EndProject
Project("{FAE04EC0-301F-11D3-BF4B-00C04F79EFBC}") = "Reverse Words in a String", "..\Reverse Words in a String\Reverse Words in a String.csproj", "{0A396FB4-4569-4D7D-B9BC-88B684A9F89E}"
EndProject
Project("{FAE04EC0-301F-11D3-BF4B-00C04F79EFBC}") = "Can Place Flowers", "..\Can Place Flowers\Can Place Flowers.csproj", "{4D41477A-BD7B-4390-8CBC-C0D79E0D9190}"
EndProject
Global
	GlobalSection(SolutionConfigurationPlatforms) = preSolution
		Debug|Any CPU = Debug|Any CPU
		Release|Any CPU = Release|Any CPU
	EndGlobalSection
	GlobalSection(ProjectConfigurationPlatforms) = postSolution
		{D61F9609-A00F-4402-B792-06A362A6E007}.Debug|Any CPU.ActiveCfg = Debug|Any CPU
		{D61F9609-A00F-4402-B792-06A362A6E007}.Debug|Any CPU.Build.0 = Debug|Any CPU
		{D61F9609-A00F-4402-B792-06A362A6E007}.Release|Any CPU.ActiveCfg = Release|Any CPU
		{D61F9609-A00F-4402-B792-06A362A6E007}.Release|Any CPU.Build.0 = Release|Any CPU
		{DEAE77C6-A0BB-4676-A4D1-E886B74E85F5}.Debug|Any CPU.ActiveCfg = Debug|Any CPU
		{DEAE77C6-A0BB-4676-A4D1-E886B74E85F5}.Debug|Any CPU.Build.0 = Debug|Any CPU
		{DEAE77C6-A0BB-4676-A4D1-E886B74E85F5}.Release|Any CPU.ActiveCfg = Release|Any CPU
		{DEAE77C6-A0BB-4676-A4D1-E886B74E85F5}.Release|Any CPU.Build.0 = Release|Any CPU
		{0A396FB4-4569-4D7D-B9BC-88B684A9F89E}.Debug|Any CPU.ActiveCfg = Debug|Any CPU
		{0A396FB4-4569-4D7D-B9BC-88B684A9F89E}.Debug|Any CPU.Build.0 = Debug|Any CPU
		{0A396FB4-4569-4D7D-B9BC-88B684A9F89E}.Release|Any CPU.ActiveCfg = Release|Any CPU
		{0A396FB4-4569-4D7D-B9BC-88B684A9F89E}.Release|Any CPU.Build.0 = Release|Any CPU
		{4D41477A-BD7B-4390-8CBC-C0D79E0D9190}.Debug|Any CPU.ActiveCfg = Debug|Any CPU
		{4D41477A-BD7B-4390-8CBC-C0D79E0D9190}.Debug|Any CPU.Build.0 = Debug|Any CPU
		{4D41477A-BD7B-4390-8CBC-C0D79E0D9190}.Release|Any CPU.ActiveCfg = Release|Any CPU
		{4D41477A-BD7B-4390-8CBC-C0D79E0D9190}.Release|Any CPU.Build.0 = Release|Any CPU
	EndGlobalSection
	GlobalSection(SolutionProperties) = preSolution
		HideSolutionNode = FALSE
	EndGlobalSection
	GlobalSection(ExtensibilityGlobals) = postSolution
		SolutionGuid = {B44BE2E1-DDD0-4C32-9B7A-4D0D39C196F2}
	EndGlobalSection
EndGlobal
